<?xml version="1.0" encoding="utf-8"?>
<Project ToolsVersion="4.0" xmlns="http://schemas.microsoft.com/developer/msbuild/2003">
  <ItemGroup>
    <Filter Include="Source Files">
      <UniqueIdentifier>{4FC737F1-C7A5-4376-A066-2A32D752A2FF}</UniqueIdentifier>
      <Extensions>cpp;c;cc;cxx;def;odl;idl;hpj;bat;asm;asmx</Extensions>
    </Filter>
    <Filter Include="Header Files">
      <UniqueIdentifier>{93995380-89BD-4b04-88EB-625FBE52EBFB}</UniqueIdentifier>
      <Extensions>h;hh;hpp;hxx;hm;inl;inc;xsd</Extensions>
    </Filter>
    <Filter Include="Resource Files">
      <UniqueIdentifier>{67DA6AB6-F800-4c08-8B7A-83BB121AAD01}</UniqueIdentifier>
      <Extensions>rc;ico;cur;bmp;dlg;rc2;rct;bin;rgs;gif;jpg;jpeg;jpe;resx;tiff;tif;png;wav;mfcribbon-ms</Extensions>
    </Filter>
    <Filter Include="Header Files\Demos">
      <UniqueIdentifier>{401c1dde-6731-400d-bc61-9d7e50632d9b}</UniqueIdentifier>
    </Filter>
    <Filter Include="Source Files\Demos">
      <UniqueIdentifier>{73440f05-9be4-4548-910a-a4c057a41073}</UniqueIdentifier>
    </Filter>
  </ItemGroup>
  <ItemGroup>
    <ClCompile Include="main.cpp">
      <Filter>Source Files</Filter>
    </ClCompile>
    <ClCompile Include="instance.cpp">
      <Filter>Source Files</Filter>
    </ClCompile>
    <ClCompile Include="window.cpp">
      <Filter>Source Files</Filter>
    </ClCompile>
    <ClCompile Include="debugReport.cpp">
      <Filter>Source Files</Filter>
    </ClCompile>
    <ClCompile Include="vulkan_ext.c">
      <Filter>Source Files</Filter>
    </ClCompile>
    <ClCompile Include="physicalDevice.cpp">
      <Filter>Source Files</Filter>
    </ClCompile>
    <ClCompile Include="device.cpp">
      <Filter>Source Files</Filter>
    </ClCompile>
    <ClCompile Include="queue.cpp">
      <Filter>Source Files</Filter>
    </ClCompile>
    <ClCompile Include="surface.cpp">
      <Filter>Source Files</Filter>
    </ClCompile>
    <ClCompile Include="shader.cpp">
      <Filter>Source Files</Filter>
    </ClCompile>
    <ClCompile Include="swapchain.cpp">
      <Filter>Source Files</Filter>
    </ClCompile>
    <ClCompile Include="triangleDemo.cpp">
      <Filter>Source Files\Demos</Filter>
    </ClCompile>
    <ClCompile Include="vertexbufferDemo.cpp">
      <Filter>Source Files\Demos</Filter>
    </ClCompile>
    <ClCompile Include="stagingbufferDemo.cpp">
      <Filter>Source Files\Demos</Filter>
    </ClCompile>
    <ClCompile Include="demo.cpp">
      <Filter>Source Files\Demos</Filter>
    </ClCompile>
    <ClCompile Include="indexbufferDemo.cpp">
      <Filter>Source Files\Demos</Filter>
    </ClCompile>
    <ClCompile Include="uniformbufferDemo.cpp">
      <Filter>Source Files\Demos</Filter>
    </ClCompile>
    <ClCompile Include="commandbuffer.cpp">
      <Filter>Source Files</Filter>
    </ClCompile>
    <ClCompile Include="imguiBaseDemo.cpp">
      <Filter>Source Files\Demos</Filter>
    </ClCompile>
    <ClCompile Include="imguiDemo.cpp">
      <Filter>Source Files\Demos</Filter>
    </ClCompile>
    <ClCompile Include="textureDemo.cpp">
      <Filter>Source Files\Demos</Filter>
    </ClCompile>
    <ClCompile Include="sampler.cpp">
      <Filter>Source Files</Filter>
    </ClCompile>
    <ClCompile Include="buffer.cpp">
      <Filter>Source Files</Filter>
    </ClCompile>
    <ClCompile Include="bufferFactory.cpp">
      <Filter>Source Files</Filter>
    </ClCompile>
    <ClCompile Include="combinedBufferDemo.cpp">
      <Filter>Source Files\Demos</Filter>
    </ClCompile>
  </ItemGroup>
  <ItemGroup>
    <ClInclude Include="instance.hpp">
      <Filter>Header Files</Filter>
    </ClInclude>
    <ClInclude Include="window.hpp">
      <Filter>Header Files</Filter>
    </ClInclude>
    <ClInclude Include="debugReport.hpp">
      <Filter>Header Files</Filter>
    </ClInclude>
    <ClInclude Include="vulkan_ext.h">
      <Filter>Header Files</Filter>
    </ClInclude>
    <ClInclude Include="physicalDevice.hpp">
      <Filter>Header Files</Filter>
    </ClInclude>
    <ClInclude Include="device.hpp">
      <Filter>Header Files</Filter>
    </ClInclude>
    <ClInclude Include="queue.hpp">
      <Filter>Header Files</Filter>
    </ClInclude>
    <ClInclude Include="surface.hpp">
      <Filter>Header Files</Filter>
    </ClInclude>
    <ClInclude Include="shader.hpp">
      <Filter>Header Files</Filter>
    </ClInclude>
    <ClInclude Include="swapchain.hpp">
      <Filter>Header Files</Filter>
    </ClInclude>
    <ClInclude Include="stagingbufferDemo.hpp">
      <Filter>Header Files\Demos</Filter>
    </ClInclude>
    <ClInclude Include="triangleDemo.hpp">
      <Filter>Header Files\Demos</Filter>
    </ClInclude>
    <ClInclude Include="vertexbufferDemo.hpp">
      <Filter>Header Files\Demos</Filter>
    </ClInclude>
    <ClInclude Include="demo.hpp">
      <Filter>Header Files\Demos</Filter>
    </ClInclude>
    <ClInclude Include="indexbufferDemo.hpp">
      <Filter>Header Files\Demos</Filter>
    </ClInclude>
    <ClInclude Include="uniformbufferDemo.hpp">
      <Filter>Header Files\Demos</Filter>
    </ClInclude>
    <ClInclude Include="vulkan_bmvk.hpp">
      <Filter>Header Files</Filter>
    </ClInclude>
    <ClInclude Include="commandbuffer.hpp">
      <Filter>Header Files</Filter>
    </ClInclude>
    <ClInclude Include="imguiBaseDemo.hpp">
      <Filter>Header Files\Demos</Filter>
    </ClInclude>
    <ClInclude Include="imguiDemo.hpp">
      <Filter>Header Files\Demos</Filter>
    </ClInclude>
    <ClInclude Include="textureDemo.hpp">
      <Filter>Header Files\Demos</Filter>
    </ClInclude>
    <ClInclude Include="sampler.hpp">
      <Filter>Header Files</Filter>
    </ClInclude>
    <ClInclude Include="buffer.hpp">
      <Filter>Header Files</Filter>
    </ClInclude>
    <ClInclude Include="bufferFactory.hpp">
      <Filter>Header Files</Filter>
    </ClInclude>
    <ClInclude Include="combinedBufferDemo.hpp">
      <Filter>Header Files\Demos</Filter>
    </ClInclude>
  </ItemGroup>
</Project>