<?xml version="1.0" encoding="utf-8"?>
<Project ToolsVersion="4.0" xmlns="http://schemas.microsoft.com/developer/msbuild/2003">
  <ItemGroup>
    <Filter Include="Utility">
      <UniqueIdentifier>{65e2bcdb-85b4-4bb9-93db-059bb56059e6}</UniqueIdentifier>
    </Filter>
  </ItemGroup>
  <ItemGroup>
    <ClInclude Include="window.hpp">
      <Filter>Utility</Filter>
    </ClInclude>
    <ClInclude Include="camera.hpp">
      <Filter>Utility</Filter>
    </ClInclude>
  </ItemGroup>
  <ItemGroup>
    <ClCompile Include="window.cpp">
      <Filter>Utility</Filter>
    </ClCompile>
    <ClCompile Include="camera.cpp">
      <Filter>Utility</Filter>
    </ClCompile>
  </ItemGroup>
</Project>